
Microsoft Visual Studio Solution File, Format Version 12.00
# Visual Studio Version 17
VisualStudioVersion = 17.8.34330.188
MinimumVisualStudioVersion = 10.0.40219.1
Project("{F184B08F-C81C-45F6-A57F-5ABD9991F28F}") = "HVAC_Controller_Final", "HVAC_Controller_Final\HVAC_Controller_Final.vbproj", "{CAABDA52-6B46-4A1A-9CCA-752A290E45EE}"
EndProject
Global
	GlobalSection(SolutionConfigurationPlatforms) = preSolution
		Debug|Any CPU = Debug|Any CPU
		Release|Any CPU = Release|Any CPU
	EndGlobalSection
	GlobalSection(ProjectConfigurationPlatforms) = postSolution
		{CAABDA52-6B46-4A1A-9CCA-752A290E45EE}.Debug|Any CPU.ActiveCfg = Debug|Any CPU
		{CAABDA52-6B46-4A1A-9CCA-752A290E45EE}.Debug|Any CPU.Build.0 = Debug|Any CPU
		{CAABDA52-6B46-4A1A-9CCA-752A290E45EE}.Release|Any CPU.ActiveCfg = Release|Any CPU
		{CAABDA52-6B46-4A1A-9CCA-752A290E45EE}.Release|Any CPU.Build.0 = Release|Any CPU
	EndGlobalSection
	GlobalSection(SolutionProperties) = preSolution
		HideSolutionNode = FALSE
	EndGlobalSection
	GlobalSection(ExtensibilityGlobals) = postSolution
		SolutionGuid = {E6E2C259-934D-4CDF-B8AD-D5FD7FE06931}
	EndGlobalSection
EndGlobal
